PODS:
  - Amplify (0.9.0)
  - amplify-tools (0.2.0)
  - AmplifyPlugins/AWSAPIPlugin (0.9.0):
    - AWSPluginsCore (= 0.9.0)
    - Starscream (~> 3.0.2)
  - AWSAuthCore (2.12.3):
    - AWSCore (= 2.12.3)
  - AWSCognitoIdentityProvider (2.12.3):
    - AWSCognitoIdentityProviderASF (= 1.0.1)
    - AWSCore (= 2.12.3)
  - AWSCognitoIdentityProviderASF (1.0.1)
  - AWSCore (2.12.3)
  - AWSMobileClient (2.12.3):
    - AWSAuthCore (= 2.12.3)
    - AWSCognitoIdentityProvider (= 2.12.3)
  - AWSPluginsCore (0.9.0):
    - Amplify (= 0.9.0)
    - AWSMobileClient (~> 2.12.2)
  - Starscream (3.0.6)

DEPENDENCIES:
  - Amplify
  - amplify-tools
  - AmplifyPlugins/AWSAPIPlugin
  - AWSPluginsCore

SPEC REPOS:
  https://github.com/cocoapods/specs.git:
    - Amplify
    - amplify-tools
    - AmplifyPlugins
    - AWSAuthCore
    - AWSCognitoIdentityProvider
    - AWSCognitoIdentityProviderASF
    - AWSCore
    - AWSMobileClient
    - AWSPluginsCore
    - Starscream

SPEC CHECKSUMS:
  Amplify: 36503e3b38c7596658d9229b0bc8a780b3af69a8
  amplify-tools: 2304ea0782b61fdb15c7a1e6bf5e0410b02b4f46
  AmplifyPlugins: d9f9c29196d20ed20927982c2f15c55ea0b3577e
  AWSAuthCore: 1a23c09b678484ba69ae4f5c24e6fdec5bb530a4
  AWSCognitoIdentityProvider: 3561d7cdbe7343a808bd7b2ce61da5b0c27b98e5
  AWSCognitoIdentityProviderASF: f94f1a502e72ef3d0a1de93e10bf7a79c8698118
  AWSCore: a4b4aeb414bdfd55a5e8879adb4985c46da157d6
  AWSMobileClient: e3f9e8bcd4084c94612e409359a7371380d4dcf6
  AWSPluginsCore: b4c6545ba21af572fe369f0065cdfb4817e1fa49
  Starscream: ef3ece99d765eeccb67de105bfa143f929026cf5

PODFILE CHECKSUM: 4b0101cd114abb9d1db3ac0dae71bf36f36bece1

COCOAPODS: 1.7.5
